
Microsoft Visual Studio Solution File, Format Version 12.00
# Visual Studio Version 17
VisualStudioVersion = 17.9.34622.214
MinimumVisualStudioVersion = 10.0.40219.1
Project("{FAE04EC0-301F-11D3-BF4B-00C04F79EFBC}") = "front-end", "front-end.csproj", "{87FFFF46-077D-4C64-9CB7-9A4F780DA559}"
EndProject
Global
	GlobalSection(SolutionConfigurationPlatforms) = preSolution
		Debug|Any CPU = Debug|Any CPU
		Release|Any CPU = Release|Any CPU
	EndGlobalSection
	GlobalSection(ProjectConfigurationPlatforms) = postSolution
		{87FFFF46-077D-4C64-9CB7-9A4F780DA559}.Debug|Any CPU.ActiveCfg = Debug|Any CPU
		{87FFFF46-077D-4C64-9CB7-9A4F780DA559}.Debug|Any CPU.Build.0 = Debug|Any CPU
		{87FFFF46-077D-4C64-9CB7-9A4F780DA559}.Debug|Any CPU.Deploy.0 = Debug|Any CPU
		{87FFFF46-077D-4C64-9CB7-9A4F780DA559}.Release|Any CPU.ActiveCfg = Release|Any CPU
		{87FFFF46-077D-4C64-9CB7-9A4F780DA559}.Release|Any CPU.Build.0 = Release|Any CPU
		{87FFFF46-077D-4C64-9CB7-9A4F780DA559}.Release|Any CPU.Deploy.0 = Release|Any CPU
	EndGlobalSection
	GlobalSection(SolutionProperties) = preSolution
		HideSolutionNode = FALSE
	EndGlobalSection
	GlobalSection(ExtensibilityGlobals) = postSolution
		SolutionGuid = {0A8D45AB-DACF-4DD5-8E8C-D67235866B92}
	EndGlobalSection
EndGlobal
