
Microsoft Visual Studio Solution File, Format Version 12.00
# Visual Studio Version 16
VisualStudioVersion = 25.0.1706.12
MinimumVisualStudioVersion = 10.0.40219.1
Project("{FAE04EC0-301F-11D3-BF4B-00C04F79EFBC}") = "Project", "Project.csproj", "{AD727C73-F8AC-4266-90F2-FF15E37CEE0B}"
EndProject
Global
	GlobalSection(SolutionConfigurationPlatforms) = preSolution
		Debug|Any CPU = Debug|Any CPU
		Release|Any CPU = Release|Any CPU
	EndGlobalSection
	GlobalSection(ProjectConfigurationPlatforms) = postSolution
		{AD727C73-F8AC-4266-90F2-FF15E37CEE0B}.Debug|Any CPU.ActiveCfg = Debug|Any CPU
		{AD727C73-F8AC-4266-90F2-FF15E37CEE0B}.Debug|Any CPU.Build.0 = Debug|Any CPU
		{AD727C73-F8AC-4266-90F2-FF15E37CEE0B}.Release|Any CPU.ActiveCfg = Release|Any CPU
		{AD727C73-F8AC-4266-90F2-FF15E37CEE0B}.Release|Any CPU.Build.0 = Release|Any CPU
	EndGlobalSection
	GlobalSection(SolutionProperties) = preSolution
		HideSolutionNode = FALSE
	EndGlobalSection
	GlobalSection(ExtensibilityGlobals) = postSolution
		SolutionGuid = {3A2145E0-5FAD-477D-8641-D9D38B6BD82D}
	EndGlobalSection
EndGlobal
